// !$*UTF8*$!
{
	archiveVersion = 1;
	classes = {
	};
	objectVersion = 46;
	objects = {

/* Begin PBXBuildFile section */
		EA6F982B1C31024B00AFBF9C /* main.m in Sources */ = {isa = PBXBuildFile; fileRef = EA6F982A1C31024B00AFBF9C /* main.m */; };
		EA6F982E1C31024B00AFBF9C /* AppDelegate.m in Sources */ = {isa = PBXBuildFile; fileRef = EA6F982D1C31024B00AFBF9C /* AppDelegate.m */; };
		EA6F98311C31024B00AFBF9C /* ViewController.m in Sources */ = {isa = PBXBuildFile; fileRef = EA6F98301C31024B00AFBF9C /* ViewController.m */; };
		EA6F98341C31024B00AFBF9C /* Main.storyboard in Resources */ = {isa = PBXBuildFile; fileRef = EA6F98321C31024B00AFBF9C /* Main.storyboard */; };
		EA6F98361C31024B00AFBF9C /* Images.xcassets in Resources */ = {isa = PBXBuildFile; fileRef = EA6F98351C31024B00AFBF9C /* Images.xcassets */; };
		EA6F98391C31024B00AFBF9C /* LaunchScreen.xib in Resources */ = {isa = PBXBuildFile; fileRef = EA6F98371C31024B00AFBF9C /* LaunchScreen.xib */; };
		EA6F98451C31024B00AFBF9C /* LaunchScreenTests.m in Sources */ = {isa = PBXBuildFile; fileRef = EA6F98441C31024B00AFBF9C /* LaunchScreenTests.m */; };
/* End PBXBuildFile section */

/* Begin PBXContainerItemProxy section */
		EA6F983F1C31024B00AFBF9C /* PBXContainerItemProxy */ = {
			isa = PBXContainerItemProxy;
			containerPortal = EA6F981D1C31024B00AFBF9C /* Project object */;
			proxyType = 1;
			remoteGlobalIDString = EA6F98241C31024B00AFBF9C;
			remoteInfo = LaunchScreen;
		};
/* End PBXContainerItemProxy section */

/* Begin PBXFileReference section */
		EA6F98251C31024B00AFBF9C /* LaunchScreen.app */ = {isa = PBXFileReference; explicitFileType = wrapper.application; includeInIndex = 0; path = LaunchScreen.app; sourceTree = BUILT_PRODUCTS_DIR; };
		EA6F98291C31024B00AFBF9C /* Info.plist */ = {isa = PBXFileReference; lastKnownFileType = text.plist.xml; path = Info.plist; sourceTree = "<group>"; };
		EA6F982A1C31024B00AFBF9C /* main.m */ = {isa = PBXFileReference; lastKnownFileType = sourcecode.c.objc; path = main.m; sourceTree = "<group>"; };
		EA6F982C1C31024B00AFBF9C /* AppDelegate.h */ = {isa = PBXFileReference; lastKnownFileType = sourcecode.c.h; path = AppDelegate.h; sourceTree = "<group>"; };
		EA6F982D1C31024B00AFBF9C /* AppDelegate.m */ = {isa = PBXFileReference; lastKnownFileType = sourcecode.c.objc; path = AppDelegate.m; sourceTree = "<group>"; };
		EA6F982F1C31024B00AFBF9C /* ViewController.h */ = {isa = PBXFileReference; lastKnownFileType = sourcecode.c.h; path = ViewController.h; sourceTree = "<group>"; };
		EA6F98301C31024B00AFBF9C /* ViewController.m */ = {isa = PBXFileReference; lastKnownFileType = sourcecode.c.objc; path = ViewController.m; sourceTree = "<group>"; };
		EA6F98331C31024B00AFBF9C /* Base */ = {isa = PBXFileReference; lastKnownFileType = file.storyboard; name = Base; path = Base.lproj/Main.storyboard; sourceTree = "<group>"; };
		EA6F98351C31024B00AFBF9C /* Images.xcassets */ = {isa = PBXFileReference; lastKnownFileType = folder.assetcatalog; path = Images.xcassets; sourceTree = "<group>"; };
		EA6F98381C31024B00AFBF9C /* Base */ = {isa = PBXFileReference; lastKnownFileType = file.xib; name = Base; path = Base.lproj/LaunchScreen.xib; sourceTree = "<group>"; };
		EA6F983E1C31024B00AFBF9C /* LaunchScreenTests.xctest */ = {isa = PBXFileReference; explicitFileType = wrapper.cfbundle; includeInIndex = 0; path = LaunchScreenTests.xctest; sourceTree = BUILT_PRODUCTS_DIR; };
		EA6F98431C31024B00AFBF9C /* Info.plist */ = {isa = PBXFileReference; lastKnownFileType = text.plist.xml; path = Info.plist; sourceTree = "<group>"; };
		EA6F98441C31024B00AFBF9C /* LaunchScreenTests.m */ = {isa = PBXFileReference; lastKnownFileType = sourcecode.c.objc; path = LaunchScreenTests.m; sourceTree = "<group>"; };
/* End PBXFileReference section */

/* Begin PBXFrameworksBuildPhase section */
		EA6F98221C31024B00AFBF9C /* Frameworks */ = {
			isa = PBXFrameworksBuildPhase;
			buildActionMask = 2147483647;
			files = (
			);
			runOnlyForDeploymentPostprocessing = 0;
		};
		EA6F983B1C31024B00AFBF9C /* Frameworks */ = {
			isa = PBXFrameworksBuildPhase;
			buildActionMask = 2147483647;
			files = (
			);
			runOnlyForDeploymentPostprocessing = 0;
		};
/* End PBXFrameworksBuildPhase section */

/* Begin PBXGroup section */
		EA6F981C1C31024B00AFBF9C = {
			isa = PBXGroup;
			children = (
				EA6F98271C31024B00AFBF9C /* LaunchScreen */,
				EA6F98411C31024B00AFBF9C /* LaunchScreenTests */,
				EA6F98261C31024B00AFBF9C /* Products */,
			);
			sourceTree = "<group>";
		};
		EA6F98261C31024B00AFBF9C /* Products */ = {
			isa = PBXGroup;
			children = (
				EA6F98251C31024B00AFBF9C /* LaunchScreen.app */,
				EA6F983E1C31024B00AFBF9C /* LaunchScreenTests.xctest */,
			);
			name = Products;
			sourceTree = "<group>";
		};
		EA6F98271C31024B00AFBF9C /* LaunchScreen */ = {
			isa = PBXGroup;
			children = (
				EA6F982C1C31024B00AFBF9C /* AppDelegate.h */,
				EA6F982D1C31024B00AFBF9C /* AppDelegate.m */,
				EA6F982F1C31024B00AFBF9C /* ViewController.h */,
				EA6F98301C31024B00AFBF9C /* ViewController.m */,
				EA6F98321C31024B00AFBF9C /* Main.storyboard */,
				EA6F98351C31024B00AFBF9C /* Images.xcassets */,
				EA6F98371C31024B00AFBF9C /* LaunchScreen.xib */,
				EA6F98281C31024B00AFBF9C /* Supporting Files */,
			);
			path = LaunchScreen;
			sourceTree = "<group>";
		};
		EA6F98281C31024B00AFBF9C /* Supporting Files */ = {
			isa = PBXGroup;
			children = (
				EA6F98291C31024B00AFBF9C /* Info.plist */,
				EA6F982A1C31024B00AFBF9C /* main.m */,
			);
			name = "Supporting Files";
			sourceTree = "<group>";
		};
		EA6F98411C31024B00AFBF9C /* LaunchScreenTests */ = {
			isa = PBXGroup;
			children = (
				EA6F98441C31024B00AFBF9C /* LaunchScreenTests.m */,
				EA6F98421C31024B00AFBF9C /* Supporting Files */,
			);
			path = LaunchScreenTests;
			sourceTree = "<group>";
		};
		EA6F98421C31024B00AFBF9C /* Supporting Files */ = {
			isa = PBXGroup;
			children = (
				EA6F98431C31024B00AFBF9C /* Info.plist */,
			);
			name = "Supporting Files";
			sourceTree = "<group>";
		};
/* End PBXGroup section */

/* Begin PBXNativeTarget section */
		EA6F98241C31024B00AFBF9C /* LaunchScreen */ = {
			isa = PBXNativeTarget;
			buildConfigurationList = EA6F98481C31024B00AFBF9C /* Build configuration list for PBXNativeTarget "LaunchScreen" */;
			buildPhases = (
				EA6F98211C31024B00AFBF9C /* Sources */,
				EA6F98221C31024B00AFBF9C /* Frameworks */,
				EA6F98231C31024B00AFBF9C /* Resources */,
			);
			buildRules = (
			);
			dependencies = (
			);
			name = LaunchScreen;
			productName = LaunchScreen;
			productReference = EA6F98251C31024B00AFBF9C /* LaunchScreen.app */;
			productType = "com.apple.product-type.application";
		};
		EA6F983D1C31024B00AFBF9C /* LaunchScreenTests */ = {
			isa = PBXNativeTarget;
			buildConfigurationList = EA6F984B1C31024B00AFBF9C /* Build configuration list for PBXNativeTarget "LaunchScreenTests" */;
			buildPhases = (
				EA6F983A1C31024B00AFBF9C /* Sources */,
				EA6F983B1C31024B00AFBF9C /* Frameworks */,
				EA6F983C1C31024B00AFBF9C /* Resources */,
			);
			buildRules = (
			);
			dependencies = (
				EA6F98401C31024B00AFBF9C /* PBXTargetDependency */,
			);
			name = LaunchScreenTests;
			productName = LaunchScreenTests;
			productReference = EA6F983E1C31024B00AFBF9C /* LaunchScreenTests.xctest */;
			productType = "com.apple.product-type.bundle.unit-test";
		};
/* End PBXNativeTarget section */

/* Begin PBXProject section */
		EA6F981D1C31024B00AFBF9C /* Project object */ = {
			isa = PBXProject;
			attributes = {
				LastUpgradeCheck = 0610;
				ORGANIZATIONNAME = youpo;
				TargetAttributes = {
					EA6F98241C31024B00AFBF9C = {
						CreatedOnToolsVersion = 6.1;
					};
					EA6F983D1C31024B00AFBF9C = {
						CreatedOnToolsVersion = 6.1;
						TestTargetID = EA6F98241C31024B00AFBF9C;
					};
				};
			};
			buildConfigurationList = EA6F98201C31024B00AFBF9C /* Build configuration list for PBXProject "LaunchScreen" */;
			compatibilityVersion = "Xcode 3.2";
			developmentRegion = English;
			hasScannedForEncodings = 0;
			knownRegions = (
				en,
				Base,
			);
			mainGroup = EA6F981C1C31024B00AFBF9C;
			productRefGroup = EA6F98261C31024B00AFBF9C /* Products */;
			projectDirPath = "";
			projectRoot = "";
			targets = (
				EA6F98241C31024B00AFBF9C /* LaunchScreen */,
				EA6F983D1C31024B00AFBF9C /* LaunchScreenTests */,
			);
		};
/* End PBXProject section */

/* Begin PBXResourcesBuildPhase section */
		EA6F98231C31024B00AFBF9C /* Resources */ = {
			isa = PBXResourcesBuildPhase;
			buildActionMask = 2147483647;
			files = (
				EA6F98341C31024B00AFBF9C /* Main.storyboard in Resources */,
				EA6F98391C31024B00AFBF9C /* LaunchScreen.xib in Resources */,
				EA6F98361C31024B00AFBF9C /* Images.xcassets in Resources */,
			);
			runOnlyForDeploymentPostprocessing = 0;
		};
		EA6F983C1C31024B00AFBF9C /* Resources */ = {
			isa = PBXResourcesBuildPhase;
			buildActionMask = 2147483647;
			files = (
			);
			runOnlyForDeploymentPostprocessing = 0;
		};
/* End PBXResourcesBuildPhase section */

/* Begin PBXSourcesBuildPhase section */
		EA6F98211C31024B00AFBF9C /* Sources */ = {
			isa = PBXSourcesBuildPhase;
			buildActionMask = 2147483647;
			files = (
				EA6F98311C31024B00AFBF9C /* ViewController.m in Sources */,
				EA6F982E1C31024B00AFBF9C /* AppDelegate.m in Sources */,
				EA6F982B1C31024B00AFBF9C /* main.m in Sources */,
			);
			runOnlyForDeploymentPostprocessing = 0;
		};
		EA6F983A1C31024B00AFBF9C /* Sources */ = {
			isa = PBXSourcesBuildPhase;
			buildActionMask = 2147483647;
			files = (
				EA6F98451C31024B00AFBF9C /* LaunchScreenTests.m in Sources */,
			);
			runOnlyForDeploymentPostprocessing = 0;
		};
/* End PBXSourcesBuildPhase section */

/* Begin PBXTargetDependency section */
		EA6F98401C31024B00AFBF9C /* PBXTargetDependency */ = {
			isa = PBXTargetDependency;
			target = EA6F98241C31024B00AFBF9C /* LaunchScreen */;
			targetProxy = EA6F983F1C31024B00AFBF9C /* PBXContainerItemProxy */;
		};
/* End PBXTargetDependency section */

/* Begin PBXVariantGroup section */
		EA6F98321C31024B00AFBF9C /* Main.storyboard */ = {
			isa = PBXVariantGroup;
			children = (
				EA6F98331C31024B00AFBF9C /* Base */,
			);
			name = Main.storyboard;
			sourceTree = "<group>";
		};
		EA6F98371C31024B00AFBF9C /* LaunchScreen.xib */ = {
			isa = PBXVariantGroup;
			children = (
				EA6F98381C31024B00AFBF9C /* Base */,
			);
			name = LaunchScreen.xib;
			sourceTree = "<group>";
		};
/* End PBXVariantGroup section */

/* Begin XCBuildConfiguration section */
		EA6F98461C31024B00AFBF9C /* Debug */ = {
			isa = XCBuildConfiguration;
			buildSettings = {
				ALWAYS_SEARCH_USER_PATHS = NO;
				CLANG_CXX_LANGUAGE_STANDARD = "gnu++0x";
				CLANG_CXX_LIBRARY = "libc++";
				CLANG_ENABLE_MODULES = YES;
				CLANG_ENABLE_OBJC_ARC = YES;
				CLANG_WARN_BOOL_CONVERSION = YES;
				CLANG_WARN_CONSTANT_CONVERSION = YES;
				CLANG_WARN_DIRECT_OBJC_ISA_USAGE = YES_ERROR;
				CLANG_WARN_EMPTY_BODY = YES;
				CLANG_WARN_ENUM_CONVERSION = YES;
				CLANG_WARN_INT_CONVERSION = YES;
				CLANG_WARN_OBJC_ROOT_CLASS = YES_ERROR;
				CLANG_WARN_UNREACHABLE_CODE = YES;
				CLANG_WARN__DUPLICATE_METHOD_MATCH = YES;
				"CODE_SIGN_IDENTITY[sdk=iphoneos*]" = "iPhone Developer";
				COPY_PHASE_STRIP = NO;
				ENABLE_STRICT_OBJC_MSGSEND = YES;
				GCC_C_LANGUAGE_STANDARD = gnu99;
				GCC_DYNAMIC_NO_PIC = NO;
				GCC_OPTIMIZATION_LEVEL = 0;
				GCC_PREPROCESSOR_DEFINITIONS = (
					"DEBUG=1",
					"$(inherited)",
				);
				GCC_SYMBOLS_PRIVATE_EXTERN = NO;
				GCC_WARN_64_TO_32_BIT_CONVERSION = YES;
				GCC_WARN_ABOUT_RETURN_TYPE = YES_ERROR;
				GCC_WARN_UNDECLARED_SELECTOR = YES;
				GCC_WARN_UNINITIALIZED_AUTOS = YES_AGGRESSIVE;
				GCC_WARN_UNUSED_FUNCTION = YES;
				GCC_WARN_UNUSED_VARIABLE = YES;
				IPHONEOS_DEPLOYMENT_TARGET = 8.1;
				MTL_ENABLE_DEBUG_INFO = YES;
				ONLY_ACTIVE_ARCH = YES;
				SDKROOT = iphoneos;
			};
			name = Debug;
		};
		EA6F98471C31024B00AFBF9C /* Release */ = {
			isa = XCBuildConfiguration;
			buildSettings = {
				ALWAYS_SEARCH_USER_PATHS = NO;
				CLANG_CXX_LANGUAGE_STANDARD = "gnu++0x";
				CLANG_CXX_LIBRARY = "libc++";
				CLANG_ENABLE_MODULES = YES;
				CLANG_ENABLE_OBJC_ARC = YES;
				CLANG_WARN_BOOL_CONVERSION = YES;
				CLANG_WARN_CONSTANT_CONVERSION = YES;
				CLANG_WARN_DIRECT_OBJC_ISA_USAGE = YES_ERROR;
				CLANG_WARN_EMPTY_BODY = YES;
				CLANG_WARN_ENUM_CONVERSION = YES;
				CLANG_WARN_INT_CONVERSION = YES;
				CLANG_WARN_OBJC_ROOT_CLASS = YES_ERROR;
				CLANG_WARN_UNREACHABLE_CODE = YES;
				CLANG_WARN__DUPLICATE_METHOD_MATCH = YES;
				"CODE_SIGN_IDENTITY[sdk=iphoneos*]" = "iPhone Developer";
				COPY_PHASE_STRIP = YES;
				ENABLE_NS_ASSERTIONS = NO;
				ENABLE_STRICT_OBJC_MSGSEND = YES;
				GCC_C_LANGUAGE_STANDARD = gnu99;
				GCC_WARN_64_TO_32_BIT_CONVERSION = YES;
				GCC_WARN_ABOUT_RETURN_TYPE = YES_ERROR;
				GCC_WARN_UNDECLARED_SELECTOR = YES;
				GCC_WARN_UNINITIALIZED_AUTOS = YES_AGGRESSIVE;
				GCC_WARN_UNUSED_FUNCTION = YES;
				GCC_WARN_UNUSED_VARIABLE = YES;
				IPHONEOS_DEPLOYMENT_TARGET = 8.1;
				MTL_ENABLE_DEBUG_INFO = NO;
				SDKROOT = iphoneos;
				VALIDATE_PRODUCT = YES;
			};
			name = Release;
		};
		EA6F98491C31024B00AFBF9C /* Debug */ = {
			isa = XCBuildConfiguration;
			buildSettings = {
				ASSETCATALOG_COMPILER_APPICON_NAME = AppIcon;
				INFOPLIST_FILE = LaunchScreen/Info.plist;
				LD_RUNPATH_SEARCH_PATHS = "$(inherited) @executable_path/Frameworks";
				PRODUCT_NAME = "$(TARGET_NAME)";
			};
			name = Debug;
		};
		EA6F984A1C31024B00AFBF9C /* Release */ = {
			isa = XCBuildConfiguration;
			buildSettings = {
				ASSETCATALOG_COMPILER_APPICON_NAME = AppIcon;
				INFOPLIST_FILE = LaunchScreen/Info.plist;
				LD_RUNPATH_SEARCH_PATHS = "$(inherited) @executable_path/Frameworks";
				PRODUCT_NAME = "$(TARGET_NAME)";
			};
			name = Release;
		};
		EA6F984C1C31024B00AFBF9C /* Debug */ = {
			isa = XCBuildConfiguration;
			buildSettings = {
				BUNDLE_LOADER = "$(TEST_HOST)";
				FRAMEWORK_SEARCH_PATHS = (
					"$(SDKROOT)/Developer/Library/Frameworks",
					"$(inherited)",
				);
				GCC_PREPROCESSOR_DEFINITIONS = (
					"DEBUG=1",
					"$(inherited)",
				);
				INFOPLIST_FILE = LaunchScreenTests/Info.plist;
				LD_RUNPATH_SEARCH_PATHS = "$(inherited) @executable_path/Frameworks @loader_path/Frameworks";
				PRODUCT_NAME = "$(TARGET_NAME)";
				TEST_HOST = "$(BUILT_PRODUCTS_DIR)/LaunchScreen.app/LaunchScreen";
			};
			name = Debug;
		};
		EA6F984D1C31024B00AFBF9C /* Release */ = {
			isa = XCBuildConfiguration;
			buildSettings = {
				BUNDLE_LOADER = "$(TEST_HOST)";
				FRAMEWORK_SEARCH_PATHS = (
					"$(SDKROOT)/Developer/Library/Frameworks",
					"$(inherited)",
				);
				INFOPLIST_FILE = LaunchScreenTests/Info.plist;
				LD_RUNPATH_SEARCH_PATHS = "$(inherited) @executable_path/Frameworks @loader_path/Frameworks";
				PRODUCT_NAME = "$(TARGET_NAME)";
				TEST_HOST = "$(BUILT_PRODUCTS_DIR)/LaunchScreen.app/LaunchScreen";
			};
			name = Release;
		};
/* End XCBuildConfiguration section */

/* Begin XCConfigurationList section */
		EA6F98201C31024B00AFBF9C /* Build configuration list for PBXProject "LaunchScreen" */ = {
			isa = XCConfigurationList;
			buildConfigurations = (
				EA6F98461C31024B00AFBF9C /* Debug */,
				EA6F98471C31024B00AFBF9C /* Release */,
			);
			defaultConfigurationIsVisible = 0;
			defaultConfigurationName = Release;
		};
		EA6F98481C31024B00AFBF9C /* Build configuration list for PBXNativeTarget "LaunchScreen" */ = {
			isa = XCConfigurationList;
			buildConfigurations = (
				EA6F98491C31024B00AFBF9C /* Debug */,
				EA6F984A1C31024B00AFBF9C /* Release */,
			);
			defaultConfigurationIsVisible = 0;
		};
		EA6F984B1C31024B00AFBF9C /* Build configuration list for PBXNativeTarget "LaunchScreenTests" */ = {
			isa = XCConfigurationList;
			buildConfigurations = (
				EA6F984C1C31024B00AFBF9C /* Debug */,
				EA6F984D1C31024B00AFBF9C /* Release */,
			);
			defaultConfigurationIsVisible = 0;
		};
/* End XCConfigurationList section */
	};
	rootObject = EA6F981D1C31024B00AFBF9C /* Project object */;
}
